
Microsoft Visual Studio Solution File, Format Version 12.00
# Visual Studio Version 16
VisualStudioVersion = 16.0.30320.27
MinimumVisualStudioVersion = 10.0.40219.1
Project("{9A19103F-16F7-4668-BE54-9A1E7A4F7556}") = "WingtipSSO.DataAccessLayer", "WingtipSSO.DataAccessLayer\WingtipSSO.DataAccessLayer.csproj", "{913BE73E-45ED-45D5-9B51-6A11F42D58CC}"
EndProject
Project("{9A19103F-16F7-4668-BE54-9A1E7A4F7556}") = "WingtipSSO.POCOS", "WingtipSSO.POCOS\WingtipSSO.POCOS.csproj", "{BCAA1BBF-A199-46BE-BB6D-6EC1C73603BC}"
EndProject
Project("{9A19103F-16F7-4668-BE54-9A1E7A4F7556}") = "WingtipSSO.WebApi", "WingtipSSO.WebApi\WingtipSSO.WebApi.csproj", "{97DE2A3E-A128-4150-8038-E672E9707685}"
EndProject
Project("{9A19103F-16F7-4668-BE54-9A1E7A4F7556}") = "WingtipSSO.MogoDBDataAccess", "WingtipSSO.MogoDBDataAccess\WingtipSSO.MogoDBDataAccess.csproj", "{400A8A0E-0686-4361-BC6C-291808F0F21A}"
EndProject
Project("{FAE04EC0-301F-11D3-BF4B-00C04F79EFBC}") = "WingtipSSO.BusinessLogicLayer", "WingtipSSO.BusinessLogicLayer\WingtipSSO.BusinessLogicLayer.csproj", "{3ACC42F7-52B8-46A6-BC45-76E52C933B67}"
EndProject
Global
	GlobalSection(SolutionConfigurationPlatforms) = preSolution
		Debug|Any CPU = Debug|Any CPU
		Release|Any CPU = Release|Any CPU
	EndGlobalSection
	GlobalSection(ProjectConfigurationPlatforms) = postSolution
		{913BE73E-45ED-45D5-9B51-6A11F42D58CC}.Debug|Any CPU.ActiveCfg = Debug|Any CPU
		{913BE73E-45ED-45D5-9B51-6A11F42D58CC}.Debug|Any CPU.Build.0 = Debug|Any CPU
		{913BE73E-45ED-45D5-9B51-6A11F42D58CC}.Release|Any CPU.ActiveCfg = Release|Any CPU
		{913BE73E-45ED-45D5-9B51-6A11F42D58CC}.Release|Any CPU.Build.0 = Release|Any CPU
		{BCAA1BBF-A199-46BE-BB6D-6EC1C73603BC}.Debug|Any CPU.ActiveCfg = Debug|Any CPU
		{BCAA1BBF-A199-46BE-BB6D-6EC1C73603BC}.Debug|Any CPU.Build.0 = Debug|Any CPU
		{BCAA1BBF-A199-46BE-BB6D-6EC1C73603BC}.Release|Any CPU.ActiveCfg = Release|Any CPU
		{BCAA1BBF-A199-46BE-BB6D-6EC1C73603BC}.Release|Any CPU.Build.0 = Release|Any CPU
		{97DE2A3E-A128-4150-8038-E672E9707685}.Debug|Any CPU.ActiveCfg = Debug|Any CPU
		{97DE2A3E-A128-4150-8038-E672E9707685}.Debug|Any CPU.Build.0 = Debug|Any CPU
		{97DE2A3E-A128-4150-8038-E672E9707685}.Release|Any CPU.ActiveCfg = Release|Any CPU
		{97DE2A3E-A128-4150-8038-E672E9707685}.Release|Any CPU.Build.0 = Release|Any CPU
		{400A8A0E-0686-4361-BC6C-291808F0F21A}.Debug|Any CPU.ActiveCfg = Debug|Any CPU
		{400A8A0E-0686-4361-BC6C-291808F0F21A}.Debug|Any CPU.Build.0 = Debug|Any CPU
		{400A8A0E-0686-4361-BC6C-291808F0F21A}.Release|Any CPU.ActiveCfg = Release|Any CPU
		{400A8A0E-0686-4361-BC6C-291808F0F21A}.Release|Any CPU.Build.0 = Release|Any CPU
		{3ACC42F7-52B8-46A6-BC45-76E52C933B67}.Debug|Any CPU.ActiveCfg = Debug|Any CPU
		{3ACC42F7-52B8-46A6-BC45-76E52C933B67}.Debug|Any CPU.Build.0 = Debug|Any CPU
		{3ACC42F7-52B8-46A6-BC45-76E52C933B67}.Release|Any CPU.ActiveCfg = Release|Any CPU
		{3ACC42F7-52B8-46A6-BC45-76E52C933B67}.Release|Any CPU.Build.0 = Release|Any CPU
	EndGlobalSection
	GlobalSection(SolutionProperties) = preSolution
		HideSolutionNode = FALSE
	EndGlobalSection
	GlobalSection(ExtensibilityGlobals) = postSolution
		SolutionGuid = {992A7EB2-81EF-4AEC-886D-2E8D04690FCE}
	EndGlobalSection
EndGlobal
